
Microsoft Visual Studio Solution File, Format Version 12.00
# Visual Studio Version 17
VisualStudioVersion = 17.0.31903.59
MinimumVisualStudioVersion = 10.0.40219.1
Project("{2150E333-8FDC-42A3-9474-1A3956D46DE8}") = "IdentityService", "IdentityService", "{E312445B-4FB2-48A9-95CA-19F333E972BF}"
EndProject
Project("{FAE04EC0-301F-11D3-BF4B-00C04F79EFBC}") = "IdentityService.API", "IdentityService\API\IdentityService.API\IdentityService.API.csproj", "{7D40A4EE-ED46-456D-A68E-9B8F56DE06D5}"
EndProject
Global
	GlobalSection(SolutionConfigurationPlatforms) = preSolution
		Debug|Any CPU = Debug|Any CPU
		Release|Any CPU = Release|Any CPU
	EndGlobalSection
	GlobalSection(ProjectConfigurationPlatforms) = postSolution
		{7D40A4EE-ED46-456D-A68E-9B8F56DE06D5}.Debug|Any CPU.ActiveCfg = Debug|Any CPU
		{7D40A4EE-ED46-456D-A68E-9B8F56DE06D5}.Debug|Any CPU.Build.0 = Debug|Any CPU
		{7D40A4EE-ED46-456D-A68E-9B8F56DE06D5}.Release|Any CPU.ActiveCfg = Release|Any CPU
		{7D40A4EE-ED46-456D-A68E-9B8F56DE06D5}.Release|Any CPU.Build.0 = Release|Any CPU
	EndGlobalSection
	GlobalSection(SolutionProperties) = preSolution
		HideSolutionNode = FALSE
	EndGlobalSection
	GlobalSection(NestedProjects) = preSolution
		{7D40A4EE-ED46-456D-A68E-9B8F56DE06D5} = {E312445B-4FB2-48A9-95CA-19F333E972BF}
	EndGlobalSection
EndGlobal
