
Microsoft Visual Studio Solution File, Format Version 12.00
# Visual Studio Version 17
VisualStudioVersion = 17.0.31903.59
MinimumVisualStudioVersion = 10.0.40219.1
Project("{FAE04EC0-301F-11D3-BF4B-00C04F79EFBC}") = "IdentityService", "IdentityService\IdentityService.csproj", "{C500D4B4-0551-4BBB-9C88-4025F8809C80}"
EndProject
Global
	GlobalSection(SolutionConfigurationPlatforms) = preSolution
		Debug|Any CPU = Debug|Any CPU
		Release|Any CPU = Release|Any CPU
	EndGlobalSection
	GlobalSection(SolutionProperties) = preSolution
		HideSolutionNode = FALSE
	EndGlobalSection
	GlobalSection(ProjectConfigurationPlatforms) = postSolution
		{C500D4B4-0551-4BBB-9C88-4025F8809C80}.Debug|Any CPU.ActiveCfg = Debug|Any CPU
		{C500D4B4-0551-4BBB-9C88-4025F8809C80}.Debug|Any CPU.Build.0 = Debug|Any CPU
		{C500D4B4-0551-4BBB-9C88-4025F8809C80}.Release|Any CPU.ActiveCfg = Release|Any CPU
		{C500D4B4-0551-4BBB-9C88-4025F8809C80}.Release|Any CPU.Build.0 = Release|Any CPU
	EndGlobalSection
EndGlobal
